version: 2.0
shards:
  ioctl:
    git: https://github.com/crystal-posix/ioctl.cr.git
    version: 1.0.0

  raylib-cr:
    git: https://github.com/sol-vin/raylib-cr.git
    version: 5.0+git.commit.79c5e17c72732ee62558eefe787a3a2170d6c17d

  term-cursor:
    git: https://github.com/crystal-term/cursor.git
    version: 0.1.0+git.commit.8805d5f686d153db92cf2ce3333433f8ed3708d0

  term-reader:
    git: https://github.com/crystal-term/reader.git
    version: 0.1.0+git.commit.83adad4a77115dc08efad8057cda3e399d0f1a24

  term-screen:
    git: https://github.com/crystal-term/screen.git
    version: 0.1.0+git.commit.ea51ee8d1f6c286573c41a7e784d31c80af7b9bb

